
Microsoft Visual Studio Solution File, Format Version 12.00
# Visual Studio Version 17
VisualStudioVersion = 17.12.35707.178
MinimumVisualStudioVersion = 10.0.40219.1
Project("{FAE04EC0-301F-11D3-BF4B-00C04F79EFBC}") = "02_StringDegiskenTuru", "02_StringDegiskenTuru\02_StringDegiskenTuru.csproj", "{ABE72283-BE53-4771-93CA-39D7AC9B4A27}"
EndProject
Project("{FAE04EC0-301F-11D3-BF4B-00C04F79EFBC}") = "01_YazdirmaKomutlari", "01_YazdirmaKomutlari\01_YazdirmaKomutlari.csproj", "{D38C3B5A-6190-4E25-A132-CA706F4537D8}"
EndProject
Project("{FAE04EC0-301F-11D3-BF4B-00C04F79EFBC}") = "03_IntDegiskenTuru", "03_IntDegiskenTuru\03_IntDegiskenTuru.csproj", "{81C385F5-6019-4BAE-8E55-BE3362C99EEE}"
EndProject
Global
	GlobalSection(SolutionConfigurationPlatforms) = preSolution
		Debug|Any CPU = Debug|Any CPU
		Release|Any CPU = Release|Any CPU
	EndGlobalSection
	GlobalSection(ProjectConfigurationPlatforms) = postSolution
		{ABE72283-BE53-4771-93CA-39D7AC9B4A27}.Debug|Any CPU.ActiveCfg = Debug|Any CPU
		{ABE72283-BE53-4771-93CA-39D7AC9B4A27}.Debug|Any CPU.Build.0 = Debug|Any CPU
		{ABE72283-BE53-4771-93CA-39D7AC9B4A27}.Release|Any CPU.ActiveCfg = Release|Any CPU
		{ABE72283-BE53-4771-93CA-39D7AC9B4A27}.Release|Any CPU.Build.0 = Release|Any CPU
		{D38C3B5A-6190-4E25-A132-CA706F4537D8}.Debug|Any CPU.ActiveCfg = Debug|Any CPU
		{D38C3B5A-6190-4E25-A132-CA706F4537D8}.Debug|Any CPU.Build.0 = Debug|Any CPU
		{D38C3B5A-6190-4E25-A132-CA706F4537D8}.Release|Any CPU.ActiveCfg = Release|Any CPU
		{D38C3B5A-6190-4E25-A132-CA706F4537D8}.Release|Any CPU.Build.0 = Release|Any CPU
		{81C385F5-6019-4BAE-8E55-BE3362C99EEE}.Debug|Any CPU.ActiveCfg = Debug|Any CPU
		{81C385F5-6019-4BAE-8E55-BE3362C99EEE}.Debug|Any CPU.Build.0 = Debug|Any CPU
		{81C385F5-6019-4BAE-8E55-BE3362C99EEE}.Release|Any CPU.ActiveCfg = Release|Any CPU
		{81C385F5-6019-4BAE-8E55-BE3362C99EEE}.Release|Any CPU.Build.0 = Release|Any CPU
	EndGlobalSection
	GlobalSection(SolutionProperties) = preSolution
		HideSolutionNode = FALSE
	EndGlobalSection
EndGlobal
